// !$*UTF8*$!
{
	archiveVersion = 1;
	classes = {
	};
	objectVersion = 50;
	objects = {

/* Begin PBXBuildFile section */
		7218FD1526C96D4B002641D1 /* MKPointAnnotation-Codable.swift in Sources */ = {isa = PBXBuildFile; fileRef = 7218FD1426C96D4B002641D1 /* MKPointAnnotation-Codable.swift */; };
		723ADFAE26C88EE900A64DE8 /* MKPointAnnotation-ObservableObject.swift in Sources */ = {isa = PBXBuildFile; fileRef = 723ADFAD26C88EE900A64DE8 /* MKPointAnnotation-ObservableObject.swift */; };
		723ADFB026C8908600A64DE8 /* EditView.swift in Sources */ = {isa = PBXBuildFile; fileRef = 723ADFAF26C8908600A64DE8 /* EditView.swift */; };
		723ADFB226C89A3300A64DE8 /* Result.swift in Sources */ = {isa = PBXBuildFile; fileRef = 723ADFB126C89A3300A64DE8 /* Result.swift */; };
		727979C426C2C64200DEBDE6 /* AppDelegate.swift in Sources */ = {isa = PBXBuildFile; fileRef = 727979C326C2C64200DEBDE6 /* AppDelegate.swift */; };
		727979C626C2C64200DEBDE6 /* SceneDelegate.swift in Sources */ = {isa = PBXBuildFile; fileRef = 727979C526C2C64200DEBDE6 /* SceneDelegate.swift */; };
		727979C826C2C64200DEBDE6 /* ContentView.swift in Sources */ = {isa = PBXBuildFile; fileRef = 727979C726C2C64200DEBDE6 /* ContentView.swift */; };
		727979CA26C2C64500DEBDE6 /* Assets.xcassets in Resources */ = {isa = PBXBuildFile; fileRef = 727979C926C2C64500DEBDE6 /* Assets.xcassets */; };
		727979CD26C2C64500DEBDE6 /* Preview Assets.xcassets in Resources */ = {isa = PBXBuildFile; fileRef = 727979CC26C2C64500DEBDE6 /* Preview Assets.xcassets */; };
		727979D026C2C64500DEBDE6 /* LaunchScreen.storyboard in Resources */ = {isa = PBXBuildFile; fileRef = 727979CE26C2C64500DEBDE6 /* LaunchScreen.storyboard */; };
		7279975426C572A9004E444F /* MapView.swift in Sources */ = {isa = PBXBuildFile; fileRef = 7279975326C572A9004E444F /* MapView.swift */; };
		728461B126C9ED7F00E11664 /* HomeView.swift in Sources */ = {isa = PBXBuildFile; fileRef = 728461B026C9ED7F00E11664 /* HomeView.swift */; };
/* End PBXBuildFile section */

/* Begin PBXFileReference section */
		7218FD1426C96D4B002641D1 /* MKPointAnnotation-Codable.swift */ = {isa = PBXFileReference; lastKnownFileType = sourcecode.swift; path = "MKPointAnnotation-Codable.swift"; sourceTree = "<group>"; };
		723ADFAD26C88EE900A64DE8 /* MKPointAnnotation-ObservableObject.swift */ = {isa = PBXFileReference; lastKnownFileType = sourcecode.swift; path = "MKPointAnnotation-ObservableObject.swift"; sourceTree = "<group>"; };
		723ADFAF26C8908600A64DE8 /* EditView.swift */ = {isa = PBXFileReference; lastKnownFileType = sourcecode.swift; path = EditView.swift; sourceTree = "<group>"; };
		723ADFB126C89A3300A64DE8 /* Result.swift */ = {isa = PBXFileReference; lastKnownFileType = sourcecode.swift; path = Result.swift; sourceTree = "<group>"; };
		727979C026C2C64200DEBDE6 /* BucketList.app */ = {isa = PBXFileReference; explicitFileType = wrapper.application; includeInIndex = 0; path = BucketList.app; sourceTree = BUILT_PRODUCTS_DIR; };
		727979C326C2C64200DEBDE6 /* AppDelegate.swift */ = {isa = PBXFileReference; lastKnownFileType = sourcecode.swift; path = AppDelegate.swift; sourceTree = "<group>"; };
		727979C526C2C64200DEBDE6 /* SceneDelegate.swift */ = {isa = PBXFileReference; lastKnownFileType = sourcecode.swift; path = SceneDelegate.swift; sourceTree = "<group>"; };
		727979C726C2C64200DEBDE6 /* ContentView.swift */ = {isa = PBXFileReference; lastKnownFileType = sourcecode.swift; path = ContentView.swift; sourceTree = "<group>"; };
		727979C926C2C64500DEBDE6 /* Assets.xcassets */ = {isa = PBXFileReference; lastKnownFileType = folder.assetcatalog; path = Assets.xcassets; sourceTree = "<group>"; };
		727979CC26C2C64500DEBDE6 /* Preview Assets.xcassets */ = {isa = PBXFileReference; lastKnownFileType = folder.assetcatalog; path = "Preview Assets.xcassets"; sourceTree = "<group>"; };
		727979CF26C2C64500DEBDE6 /* Base */ = {isa = PBXFileReference; lastKnownFileType = file.storyboard; name = Base; path = Base.lproj/LaunchScreen.storyboard; sourceTree = "<group>"; };
		727979D126C2C64500DEBDE6 /* Info.plist */ = {isa = PBXFileReference; lastKnownFileType = text.plist.xml; path = Info.plist; sourceTree = "<group>"; };
		7279975326C572A9004E444F /* MapView.swift */ = {isa = PBXFileReference; lastKnownFileType = sourcecode.swift; path = MapView.swift; sourceTree = "<group>"; };
		728461B026C9ED7F00E11664 /* HomeView.swift */ = {isa = PBXFileReference; lastKnownFileType = sourcecode.swift; path = HomeView.swift; sourceTree = "<group>"; };
/* End PBXFileReference section */

/* Begin PBXFrameworksBuildPhase section */
		727979BD26C2C64200DEBDE6 /* Frameworks */ = {
			isa = PBXFrameworksBuildPhase;
			buildActionMask = 2147483647;
			files = (
			);
			runOnlyForDeploymentPostprocessing = 0;
		};
/* End PBXFrameworksBuildPhase section */

/* Begin PBXGroup section */
		727979B726C2C64200DEBDE6 = {
			isa = PBXGroup;
			children = (
				727979C226C2C64200DEBDE6 /* BucketList */,
				727979C126C2C64200DEBDE6 /* Products */,
			);
			sourceTree = "<group>";
		};
		727979C126C2C64200DEBDE6 /* Products */ = {
			isa = PBXGroup;
			children = (
				727979C026C2C64200DEBDE6 /* BucketList.app */,
			);
			name = Products;
			sourceTree = "<group>";
		};
		727979C226C2C64200DEBDE6 /* BucketList */ = {
			isa = PBXGroup;
			children = (
				727979C326C2C64200DEBDE6 /* AppDelegate.swift */,
				727979C526C2C64200DEBDE6 /* SceneDelegate.swift */,
				727979C726C2C64200DEBDE6 /* ContentView.swift */,
				728461B026C9ED7F00E11664 /* HomeView.swift */,
				7279975326C572A9004E444F /* MapView.swift */,
				723ADFAD26C88EE900A64DE8 /* MKPointAnnotation-ObservableObject.swift */,
				723ADFAF26C8908600A64DE8 /* EditView.swift */,
				7218FD1426C96D4B002641D1 /* MKPointAnnotation-Codable.swift */,
				723ADFB126C89A3300A64DE8 /* Result.swift */,
				727979C926C2C64500DEBDE6 /* Assets.xcassets */,
				727979CE26C2C64500DEBDE6 /* LaunchScreen.storyboard */,
				727979D126C2C64500DEBDE6 /* Info.plist */,
				727979CB26C2C64500DEBDE6 /* Preview Content */,
			);
			path = BucketList;
			sourceTree = "<group>";
		};
		727979CB26C2C64500DEBDE6 /* Preview Content */ = {
			isa = PBXGroup;
			children = (
				727979CC26C2C64500DEBDE6 /* Preview Assets.xcassets */,
			);
			path = "Preview Content";
			sourceTree = "<group>";
		};
/* End PBXGroup section */

/* Begin PBXNativeTarget section */
		727979BF26C2C64200DEBDE6 /* BucketList */ = {
			isa = PBXNativeTarget;
			buildConfigurationList = 727979D426C2C64500DEBDE6 /* Build configuration list for PBXNativeTarget "BucketList" */;
			buildPhases = (
				727979BC26C2C64200DEBDE6 /* Sources */,
				727979BD26C2C64200DEBDE6 /* Frameworks */,
				727979BE26C2C64200DEBDE6 /* Resources */,
			);
			buildRules = (
			);
			dependencies = (
			);
			name = BucketList;
			productName = BucketList;
			productReference = 727979C026C2C64200DEBDE6 /* BucketList.app */;
			productType = "com.apple.product-type.application";
		};
/* End PBXNativeTarget section */

/* Begin PBXProject section */
		727979B826C2C64200DEBDE6 /* Project object */ = {
			isa = PBXProject;
			attributes = {
				LastSwiftUpdateCheck = 1250;
				LastUpgradeCheck = 1250;
				TargetAttributes = {
					727979BF26C2C64200DEBDE6 = {
						CreatedOnToolsVersion = 12.5;
					};
				};
			};
			buildConfigurationList = 727979BB26C2C64200DEBDE6 /* Build configuration list for PBXProject "BucketList" */;
			compatibilityVersion = "Xcode 9.3";
			developmentRegion = en;
			hasScannedForEncodings = 0;
			knownRegions = (
				en,
				Base,
			);
			mainGroup = 727979B726C2C64200DEBDE6;
			productRefGroup = 727979C126C2C64200DEBDE6 /* Products */;
			projectDirPath = "";
			projectRoot = "";
			targets = (
				727979BF26C2C64200DEBDE6 /* BucketList */,
			);
		};
/* End PBXProject section */

/* Begin PBXResourcesBuildPhase section */
		727979BE26C2C64200DEBDE6 /* Resources */ = {
			isa = PBXResourcesBuildPhase;
			buildActionMask = 2147483647;
			files = (
				727979D026C2C64500DEBDE6 /* LaunchScreen.storyboard in Resources */,
				727979CD26C2C64500DEBDE6 /* Preview Assets.xcassets in Resources */,
				727979CA26C2C64500DEBDE6 /* Assets.xcassets in Resources */,
			);
			runOnlyForDeploymentPostprocessing = 0;
		};
/* End PBXResourcesBuildPhase section */

/* Begin PBXSourcesBuildPhase section */
		727979BC26C2C64200DEBDE6 /* Sources */ = {
			isa = PBXSourcesBuildPhase;
			buildActionMask = 2147483647;
			files = (
				728461B126C9ED7F00E11664 /* HomeView.swift in Sources */,
				727979C426C2C64200DEBDE6 /* AppDelegate.swift in Sources */,
				7279975426C572A9004E444F /* MapView.swift in Sources */,
				723ADFB026C8908600A64DE8 /* EditView.swift in Sources */,
				727979C626C2C64200DEBDE6 /* SceneDelegate.swift in Sources */,
				723ADFB226C89A3300A64DE8 /* Result.swift in Sources */,
				723ADFAE26C88EE900A64DE8 /* MKPointAnnotation-ObservableObject.swift in Sources */,
				7218FD1526C96D4B002641D1 /* MKPointAnnotation-Codable.swift in Sources */,
				727979C826C2C64200DEBDE6 /* ContentView.swift in Sources */,
			);
			runOnlyForDeploymentPostprocessing = 0;
		};
/* End PBXSourcesBuildPhase section */

/* Begin PBXVariantGroup section */
		727979CE26C2C64500DEBDE6 /* LaunchScreen.storyboard */ = {
			isa = PBXVariantGroup;
			children = (
				727979CF26C2C64500DEBDE6 /* Base */,
			);
			name = LaunchScreen.storyboard;
			sourceTree = "<group>";
		};
/* End PBXVariantGroup section */

/* Begin XCBuildConfiguration section */
		727979D226C2C64500DEBDE6 /* Debug */ = {
			isa = XCBuildConfiguration;
			buildSettings = {
				ALWAYS_SEARCH_USER_PATHS = NO;
				CLANG_ANALYZER_NONNULL = YES;
				CLANG_ANALYZER_NUMBER_OBJECT_CONVERSION = YES_AGGRESSIVE;
				CLANG_CXX_LANGUAGE_STANDARD = "gnu++14";
				CLANG_CXX_LIBRARY = "libc++";
				CLANG_ENABLE_MODULES = YES;
				CLANG_ENABLE_OBJC_ARC = YES;
				CLANG_ENABLE_OBJC_WEAK = YES;
				CLANG_WARN_BLOCK_CAPTURE_AUTORELEASING = YES;
				CLANG_WARN_BOOL_CONVERSION = YES;
				CLANG_WARN_COMMA = YES;
				CLANG_WARN_CONSTANT_CONVERSION = YES;
				CLANG_WARN_DEPRECATED_OBJC_IMPLEMENTATIONS = YES;
				CLANG_WARN_DIRECT_OBJC_ISA_USAGE = YES_ERROR;
				CLANG_WARN_DOCUMENTATION_COMMENTS = YES;
				CLANG_WARN_EMPTY_BODY = YES;
				CLANG_WARN_ENUM_CONVERSION = YES;
				CLANG_WARN_INFINITE_RECURSION = YES;
				CLANG_WARN_INT_CONVERSION = YES;
				CLANG_WARN_NON_LITERAL_NULL_CONVERSION = YES;
				CLANG_WARN_OBJC_IMPLICIT_RETAIN_SELF = YES;
				CLANG_WARN_OBJC_LITERAL_CONVERSION = YES;
				CLANG_WARN_OBJC_ROOT_CLASS = YES_ERROR;
				CLANG_WARN_QUOTED_INCLUDE_IN_FRAMEWORK_HEADER = YES;
				CLANG_WARN_RANGE_LOOP_ANALYSIS = YES;
				CLANG_WARN_STRICT_PROTOTYPES = YES;
				CLANG_WARN_SUSPICIOUS_MOVE = YES;
				CLANG_WARN_UNGUARDED_AVAILABILITY = YES_AGGRESSIVE;
				CLANG_WARN_UNREACHABLE_CODE = YES;
				CLANG_WARN__DUPLICATE_METHOD_MATCH = YES;
				COPY_PHASE_STRIP = NO;
				DEBUG_INFORMATION_FORMAT = dwarf;
				ENABLE_STRICT_OBJC_MSGSEND = YES;
				ENABLE_TESTABILITY = YES;
				GCC_C_LANGUAGE_STANDARD = gnu11;
				GCC_DYNAMIC_NO_PIC = NO;
				GCC_NO_COMMON_BLOCKS = YES;
				GCC_OPTIMIZATION_LEVEL = 0;
				GCC_PREPROCESSOR_DEFINITIONS = (
					"DEBUG=1",
					"$(inherited)",
				);
				GCC_WARN_64_TO_32_BIT_CONVERSION = YES;
				GCC_WARN_ABOUT_RETURN_TYPE = YES_ERROR;
				GCC_WARN_UNDECLARED_SELECTOR = YES;
				GCC_WARN_UNINITIALIZED_AUTOS = YES_AGGRESSIVE;
				GCC_WARN_UNUSED_FUNCTION = YES;
				GCC_WARN_UNUSED_VARIABLE = YES;
				IPHONEOS_DEPLOYMENT_TARGET = 14.5;
				MTL_ENABLE_DEBUG_INFO = INCLUDE_SOURCE;
				MTL_FAST_MATH = YES;
				ONLY_ACTIVE_ARCH = YES;
				SDKROOT = iphoneos;
				SWIFT_ACTIVE_COMPILATION_CONDITIONS = DEBUG;
				SWIFT_OPTIMIZATION_LEVEL = "-Onone";
			};
			name = Debug;
		};
		727979D326C2C64500DEBDE6 /* Release */ = {
			isa = XCBuildConfiguration;
			buildSettings = {
				ALWAYS_SEARCH_USER_PATHS = NO;
				CLANG_ANALYZER_NONNULL = YES;
				CLANG_ANALYZER_NUMBER_OBJECT_CONVERSION = YES_AGGRESSIVE;
				CLANG_CXX_LANGUAGE_STANDARD = "gnu++14";
				CLANG_CXX_LIBRARY = "libc++";
				CLANG_ENABLE_MODULES = YES;
				CLANG_ENABLE_OBJC_ARC = YES;
				CLANG_ENABLE_OBJC_WEAK = YES;
				CLANG_WARN_BLOCK_CAPTURE_AUTORELEASING = YES;
				CLANG_WARN_BOOL_CONVERSION = YES;
				CLANG_WARN_COMMA = YES;
				CLANG_WARN_CONSTANT_CONVERSION = YES;
				CLANG_WARN_DEPRECATED_OBJC_IMPLEMENTATIONS = YES;
				CLANG_WARN_DIRECT_OBJC_ISA_USAGE = YES_ERROR;
				CLANG_WARN_DOCUMENTATION_COMMENTS = YES;
				CLANG_WARN_EMPTY_BODY = YES;
				CLANG_WARN_ENUM_CONVERSION = YES;
				CLANG_WARN_INFINITE_RECURSION = YES;
				CLANG_WARN_INT_CONVERSION = YES;
				CLANG_WARN_NON_LITERAL_NULL_CONVERSION = YES;
				CLANG_WARN_OBJC_IMPLICIT_RETAIN_SELF = YES;
				CLANG_WARN_OBJC_LITERAL_CONVERSION = YES;
				CLANG_WARN_OBJC_ROOT_CLASS = YES_ERROR;
				CLANG_WARN_QUOTED_INCLUDE_IN_FRAMEWORK_HEADER = YES;
				CLANG_WARN_RANGE_LOOP_ANALYSIS = YES;
				CLANG_WARN_STRICT_PROTOTYPES = YES;
				CLANG_WARN_SUSPICIOUS_MOVE = YES;
				CLANG_WARN_UNGUARDED_AVAILABILITY = YES_AGGRESSIVE;
				CLANG_WARN_UNREACHABLE_CODE = YES;
				CLANG_WARN__DUPLICATE_METHOD_MATCH = YES;
				COPY_PHASE_STRIP = NO;
				DEBUG_INFORMATION_FORMAT = "dwarf-with-dsym";
				ENABLE_NS_ASSERTIONS = NO;
				ENABLE_STRICT_OBJC_MSGSEND = YES;
				GCC_C_LANGUAGE_STANDARD = gnu11;
				GCC_NO_COMMON_BLOCKS = YES;
				GCC_WARN_64_TO_32_BIT_CONVERSION = YES;
				GCC_WARN_ABOUT_RETURN_TYPE = YES_ERROR;
				GCC_WARN_UNDECLARED_SELECTOR = YES;
				GCC_WARN_UNINITIALIZED_AUTOS = YES_AGGRESSIVE;
				GCC_WARN_UNUSED_FUNCTION = YES;
				GCC_WARN_UNUSED_VARIABLE = YES;
				IPHONEOS_DEPLOYMENT_TARGET = 14.5;
				MTL_ENABLE_DEBUG_INFO = NO;
				MTL_FAST_MATH = YES;
				SDKROOT = iphoneos;
				SWIFT_COMPILATION_MODE = wholemodule;
				SWIFT_OPTIMIZATION_LEVEL = "-O";
				VALIDATE_PRODUCT = YES;
			};
			name = Release;
		};
		727979D526C2C64500DEBDE6 /* Debug */ = {
			isa = XCBuildConfiguration;
			buildSettings = {
				ASSETCATALOG_COMPILER_APPICON_NAME = AppIcon;
				ASSETCATALOG_COMPILER_GLOBAL_ACCENT_COLOR_NAME = AccentColor;
				CODE_SIGN_STYLE = Automatic;
				DEVELOPMENT_ASSET_PATHS = "\"BucketList/Preview Content\"";
				DEVELOPMENT_TEAM = S4G67KLBRN;
				ENABLE_PREVIEWS = YES;
				INFOPLIST_FILE = BucketList/Info.plist;
				LD_RUNPATH_SEARCH_PATHS = (
					"$(inherited)",
					"@executable_path/Frameworks",
				);
				PRODUCT_BUNDLE_IDENTIFIER = "com.saj-panchal.herokuapp.BucketList";
				PRODUCT_NAME = "$(TARGET_NAME)";
				SWIFT_VERSION = 5.0;
				TARGETED_DEVICE_FAMILY = "1,2";
			};
			name = Debug;
		};
		727979D626C2C64500DEBDE6 /* Release */ = {
			isa = XCBuildConfiguration;
			buildSettings = {
				ASSETCATALOG_COMPILER_APPICON_NAME = AppIcon;
				ASSETCATALOG_COMPILER_GLOBAL_ACCENT_COLOR_NAME = AccentColor;
				CODE_SIGN_STYLE = Automatic;
				DEVELOPMENT_ASSET_PATHS = "\"BucketList/Preview Content\"";
				DEVELOPMENT_TEAM = S4G67KLBRN;
				ENABLE_PREVIEWS = YES;
				INFOPLIST_FILE = BucketList/Info.plist;
				LD_RUNPATH_SEARCH_PATHS = (
					"$(inherited)",
					"@executable_path/Frameworks",
				);
				PRODUCT_BUNDLE_IDENTIFIER = "com.saj-panchal.herokuapp.BucketList";
				PRODUCT_NAME = "$(TARGET_NAME)";
				SWIFT_VERSION = 5.0;
				TARGETED_DEVICE_FAMILY = "1,2";
			};
			name = Release;
		};
/* End XCBuildConfiguration section */

/* Begin XCConfigurationList section */
		727979BB26C2C64200DEBDE6 /* Build configuration list for PBXProject "BucketList" */ = {
			isa = XCConfigurationList;
			buildConfigurations = (
				727979D226C2C64500DEBDE6 /* Debug */,
				727979D326C2C64500DEBDE6 /* Release */,
			);
			defaultConfigurationIsVisible = 0;
			defaultConfigurationName = Release;
		};
		727979D426C2C64500DEBDE6 /* Build configuration list for PBXNativeTarget "BucketList" */ = {
			isa = XCConfigurationList;
			buildConfigurations = (
				727979D526C2C64500DEBDE6 /* Debug */,
				727979D626C2C64500DEBDE6 /* Release */,
			);
			defaultConfigurationIsVisible = 0;
			defaultConfigurationName = Release;
		};
/* End XCConfigurationList section */
	};
	rootObject = 727979B826C2C64200DEBDE6 /* Project object */;
}
